
Microsoft Visual Studio Solution File, Format Version 12.00
# Visual Studio Version 16
VisualStudioVersion = 16.0.32802.440
MinimumVisualStudioVersion = 10.0.40219.1
Project("{FAE04EC0-301F-11D3-BF4B-00C04F79EFBC}") = "Interfaz_prueba", "Interfaz_prueba\Interfaz_prueba.csproj", "{009C52B2-0613-40E7-8C2F-10BA317B6534}"
EndProject
Global
	GlobalSection(SolutionConfigurationPlatforms) = preSolution
		Debug|Any CPU = Debug|Any CPU
		Release|Any CPU = Release|Any CPU
	EndGlobalSection
	GlobalSection(ProjectConfigurationPlatforms) = postSolution
		{009C52B2-0613-40E7-8C2F-10BA317B6534}.Debug|Any CPU.ActiveCfg = Debug|Any CPU
		{009C52B2-0613-40E7-8C2F-10BA317B6534}.Debug|Any CPU.Build.0 = Debug|Any CPU
		{009C52B2-0613-40E7-8C2F-10BA317B6534}.Release|Any CPU.ActiveCfg = Release|Any CPU
		{009C52B2-0613-40E7-8C2F-10BA317B6534}.Release|Any CPU.Build.0 = Release|Any CPU
	EndGlobalSection
	GlobalSection(SolutionProperties) = preSolution
		HideSolutionNode = FALSE
	EndGlobalSection
	GlobalSection(ExtensibilityGlobals) = postSolution
		SolutionGuid = {FDF8B4D6-57C5-40D6-B19A-DA47765D2CD8}
	EndGlobalSection
EndGlobal
